
Microsoft Visual Studio Solution File, Format Version 12.00
# Visual Studio 15
VisualStudioVersion = 15.0.28307.779
MinimumVisualStudioVersion = 10.0.40219.1
Project("{FAE04EC0-301F-11D3-BF4B-00C04F79EFBC}") = "WebApi_UnitOfWork_Core", "WebApi_UnitOfWork_Core\WebApi_UnitOfWork_Core.csproj", "{2D3E9941-F381-407A-9659-ECDC0BB25BA1}"
EndProject
Project("{FAE04EC0-301F-11D3-BF4B-00C04F79EFBC}") = "Data", "Data\Data.csproj", "{30EB05E0-0178-4C53-9152-F076E7CEC3A2}"
EndProject
Project("{FAE04EC0-301F-11D3-BF4B-00C04F79EFBC}") = "Domain", "Domain\Domain.csproj", "{DC469D3F-ECDE-4148-8A95-F2553B054F3D}"
EndProject
Global
	GlobalSection(SolutionConfigurationPlatforms) = preSolution
		Debug|Any CPU = Debug|Any CPU
		Release|Any CPU = Release|Any CPU
	EndGlobalSection
	GlobalSection(ProjectConfigurationPlatforms) = postSolution
		{2D3E9941-F381-407A-9659-ECDC0BB25BA1}.Debug|Any CPU.ActiveCfg = Debug|Any CPU
		{2D3E9941-F381-407A-9659-ECDC0BB25BA1}.Debug|Any CPU.Build.0 = Debug|Any CPU
		{2D3E9941-F381-407A-9659-ECDC0BB25BA1}.Release|Any CPU.ActiveCfg = Release|Any CPU
		{2D3E9941-F381-407A-9659-ECDC0BB25BA1}.Release|Any CPU.Build.0 = Release|Any CPU
		{30EB05E0-0178-4C53-9152-F076E7CEC3A2}.Debug|Any CPU.ActiveCfg = Debug|Any CPU
		{30EB05E0-0178-4C53-9152-F076E7CEC3A2}.Debug|Any CPU.Build.0 = Debug|Any CPU
		{30EB05E0-0178-4C53-9152-F076E7CEC3A2}.Release|Any CPU.ActiveCfg = Release|Any CPU
		{30EB05E0-0178-4C53-9152-F076E7CEC3A2}.Release|Any CPU.Build.0 = Release|Any CPU
		{DC469D3F-ECDE-4148-8A95-F2553B054F3D}.Debug|Any CPU.ActiveCfg = Debug|Any CPU
		{DC469D3F-ECDE-4148-8A95-F2553B054F3D}.Debug|Any CPU.Build.0 = Debug|Any CPU
		{DC469D3F-ECDE-4148-8A95-F2553B054F3D}.Release|Any CPU.ActiveCfg = Release|Any CPU
		{DC469D3F-ECDE-4148-8A95-F2553B054F3D}.Release|Any CPU.Build.0 = Release|Any CPU
	EndGlobalSection
	GlobalSection(SolutionProperties) = preSolution
		HideSolutionNode = FALSE
	EndGlobalSection
	GlobalSection(ExtensibilityGlobals) = postSolution
		SolutionGuid = {7B4DE5F4-FC64-4A9F-9407-C3C9B689D0AD}
	EndGlobalSection
EndGlobal
